
Microsoft Visual Studio Solution File, Format Version 12.00
# Visual Studio 2013
VisualStudioVersion = 12.0.31101.0
MinimumVisualStudioVersion = 10.0.40219.1
Project("{FAE04EC0-301F-11D3-BF4B-00C04F79EFBC}") = "JWStorehouse", "JWStorehouse\JWStorehouse.csproj", "{ADDB6196-22A1-4B8E-A97A-0C4AC9618DBE}"
EndProject
Project("{FAE04EC0-301F-11D3-BF4B-00C04F79EFBC}") = "JWChinese", "JWChinese\JWChinese.csproj", "{C2E0E0F1-631A-4333-8E9A-7E23664C790A}"
EndProject
Project("{FAE04EC0-301F-11D3-BF4B-00C04F79EFBC}") = "JWStorehouse.iOS", "JWStorehouse.iOS\JWStorehouse.iOS.csproj", "{4EECB000-BDED-4B0C-9233-C109965105BC}"
EndProject
Project("{FAE04EC0-301F-11D3-BF4B-00C04F79EFBC}") = "AndroidDonationsLibrary", "GEMDonationsLibrary\AndroidDonationsLibrary.csproj", "{65F57185-D126-4FE9-9D42-079D4067A7A0}"
EndProject
Project("{D954291E-2A0B-460D-934E-DC6B0785DB48}") = "Storehouse.Core", "Storehouse.Core\Storehouse.Core.shproj", "{A3B665F7-B813-45FC-AFFD-5D89EB4CC45D}"
EndProject
Project("{FAE04EC0-301F-11D3-BF4B-00C04F79EFBC}") = "StickyGridHeaders", "StickyGridHeaders\StickyGridHeaders.csproj", "{890A9728-B8B5-4111-973E-F8719F52E312}"
EndProject
Project("{FAE04EC0-301F-11D3-BF4B-00C04F79EFBC}") = "SuperSLiM", "SuperSLiM\SuperSLiM.csproj", "{7F317DBF-26C7-4D5F-90FE-1A01E1B1C7AF}"
EndProject
Global
	GlobalSection(SharedMSBuildProjectFiles) = preSolution
		Storehouse.Core\Storehouse.Core.projitems*{addb6196-22a1-4b8e-a97a-0c4ac9618dbe}*SharedItemsImports = 4
		Storehouse.Core\Storehouse.Core.projitems*{c2e0e0f1-631a-4333-8e9a-7e23664c790a}*SharedItemsImports = 4
		Storehouse.Core\Storehouse.Core.projitems*{a3b665f7-b813-45fc-affd-5d89eb4cc45d}*SharedItemsImports = 13
	EndGlobalSection
	GlobalSection(SolutionConfigurationPlatforms) = preSolution
		Ad-Hoc|Any CPU = Ad-Hoc|Any CPU
		Ad-Hoc|iPhone = Ad-Hoc|iPhone
		Ad-Hoc|iPhoneSimulator = Ad-Hoc|iPhoneSimulator
		Ad-Hoc|Mixed Platforms = Ad-Hoc|Mixed Platforms
		AppStore|Any CPU = AppStore|Any CPU
		AppStore|iPhone = AppStore|iPhone
		AppStore|iPhoneSimulator = AppStore|iPhoneSimulator
		AppStore|Mixed Platforms = AppStore|Mixed Platforms
		Debug|Any CPU = Debug|Any CPU
		Debug|iPhone = Debug|iPhone
		Debug|iPhoneSimulator = Debug|iPhoneSimulator
		Debug|Mixed Platforms = Debug|Mixed Platforms
		Release|Any CPU = Release|Any CPU
		Release|iPhone = Release|iPhone
		Release|iPhoneSimulator = Release|iPhoneSimulator
		Release|Mixed Platforms = Release|Mixed Platforms
	EndGlobalSection
	GlobalSection(ProjectConfigurationPlatforms) = postSolution
		{ADDB6196-22A1-4B8E-A97A-0C4AC9618DBE}.Ad-Hoc|Any CPU.ActiveCfg = Release|Any CPU
		{ADDB6196-22A1-4B8E-A97A-0C4AC9618DBE}.Ad-Hoc|iPhone.ActiveCfg = Release|Any CPU
		{ADDB6196-22A1-4B8E-A97A-0C4AC9618DBE}.Ad-Hoc|iPhoneSimulator.ActiveCfg = Release|Any CPU
		{ADDB6196-22A1-4B8E-A97A-0C4AC9618DBE}.Ad-Hoc|Mixed Platforms.ActiveCfg = Release|Any CPU
		{ADDB6196-22A1-4B8E-A97A-0C4AC9618DBE}.AppStore|Any CPU.ActiveCfg = Release|Any CPU
		{ADDB6196-22A1-4B8E-A97A-0C4AC9618DBE}.AppStore|iPhone.ActiveCfg = Release|Any CPU
		{ADDB6196-22A1-4B8E-A97A-0C4AC9618DBE}.AppStore|iPhoneSimulator.ActiveCfg = Release|Any CPU
		{ADDB6196-22A1-4B8E-A97A-0C4AC9618DBE}.AppStore|Mixed Platforms.ActiveCfg = Release|Any CPU
		{ADDB6196-22A1-4B8E-A97A-0C4AC9618DBE}.Debug|Any CPU.ActiveCfg = Debug|Any CPU
		{ADDB6196-22A1-4B8E-A97A-0C4AC9618DBE}.Debug|Any CPU.Build.0 = Debug|Any CPU
		{ADDB6196-22A1-4B8E-A97A-0C4AC9618DBE}.Debug|Any CPU.Deploy.0 = Debug|Any CPU
		{ADDB6196-22A1-4B8E-A97A-0C4AC9618DBE}.Debug|iPhone.ActiveCfg = Debug|Any CPU
		{ADDB6196-22A1-4B8E-A97A-0C4AC9618DBE}.Debug|iPhoneSimulator.ActiveCfg = Debug|Any CPU
		{ADDB6196-22A1-4B8E-A97A-0C4AC9618DBE}.Debug|Mixed Platforms.ActiveCfg = Debug|Any CPU
		{ADDB6196-22A1-4B8E-A97A-0C4AC9618DBE}.Release|Any CPU.ActiveCfg = Release|Any CPU
		{ADDB6196-22A1-4B8E-A97A-0C4AC9618DBE}.Release|Any CPU.Build.0 = Release|Any CPU
		{ADDB6196-22A1-4B8E-A97A-0C4AC9618DBE}.Release|Any CPU.Deploy.0 = Release|Any CPU
		{ADDB6196-22A1-4B8E-A97A-0C4AC9618DBE}.Release|iPhone.ActiveCfg = Release|Any CPU
		{ADDB6196-22A1-4B8E-A97A-0C4AC9618DBE}.Release|iPhoneSimulator.ActiveCfg = Release|Any CPU
		{ADDB6196-22A1-4B8E-A97A-0C4AC9618DBE}.Release|Mixed Platforms.ActiveCfg = Release|Any CPU
		{C2E0E0F1-631A-4333-8E9A-7E23664C790A}.Ad-Hoc|Any CPU.ActiveCfg = Release|Any CPU
		{C2E0E0F1-631A-4333-8E9A-7E23664C790A}.Ad-Hoc|Any CPU.Build.0 = Release|Any CPU
		{C2E0E0F1-631A-4333-8E9A-7E23664C790A}.Ad-Hoc|Any CPU.Deploy.0 = Release|Any CPU
		{C2E0E0F1-631A-4333-8E9A-7E23664C790A}.Ad-Hoc|iPhone.ActiveCfg = Release|Any CPU
		{C2E0E0F1-631A-4333-8E9A-7E23664C790A}.Ad-Hoc|iPhoneSimulator.ActiveCfg = Release|Any CPU
		{C2E0E0F1-631A-4333-8E9A-7E23664C790A}.Ad-Hoc|Mixed Platforms.ActiveCfg = Release|Any CPU
		{C2E0E0F1-631A-4333-8E9A-7E23664C790A}.Ad-Hoc|Mixed Platforms.Build.0 = Release|Any CPU
		{C2E0E0F1-631A-4333-8E9A-7E23664C790A}.Ad-Hoc|Mixed Platforms.Deploy.0 = Release|Any CPU
		{C2E0E0F1-631A-4333-8E9A-7E23664C790A}.AppStore|Any CPU.ActiveCfg = Release|Any CPU
		{C2E0E0F1-631A-4333-8E9A-7E23664C790A}.AppStore|Any CPU.Build.0 = Release|Any CPU
		{C2E0E0F1-631A-4333-8E9A-7E23664C790A}.AppStore|Any CPU.Deploy.0 = Release|Any CPU
		{C2E0E0F1-631A-4333-8E9A-7E23664C790A}.AppStore|iPhone.ActiveCfg = Release|Any CPU
		{C2E0E0F1-631A-4333-8E9A-7E23664C790A}.AppStore|iPhoneSimulator.ActiveCfg = Release|Any CPU
		{C2E0E0F1-631A-4333-8E9A-7E23664C790A}.AppStore|Mixed Platforms.ActiveCfg = Release|Any CPU
		{C2E0E0F1-631A-4333-8E9A-7E23664C790A}.AppStore|Mixed Platforms.Build.0 = Release|Any CPU
		{C2E0E0F1-631A-4333-8E9A-7E23664C790A}.AppStore|Mixed Platforms.Deploy.0 = Release|Any CPU
		{C2E0E0F1-631A-4333-8E9A-7E23664C790A}.Debug|Any CPU.ActiveCfg = Debug|Any CPU
		{C2E0E0F1-631A-4333-8E9A-7E23664C790A}.Debug|Any CPU.Build.0 = Debug|Any CPU
		{C2E0E0F1-631A-4333-8E9A-7E23664C790A}.Debug|Any CPU.Deploy.0 = Debug|Any CPU
		{C2E0E0F1-631A-4333-8E9A-7E23664C790A}.Debug|iPhone.ActiveCfg = Debug|Any CPU
		{C2E0E0F1-631A-4333-8E9A-7E23664C790A}.Debug|iPhoneSimulator.ActiveCfg = Debug|Any CPU
		{C2E0E0F1-631A-4333-8E9A-7E23664C790A}.Debug|Mixed Platforms.ActiveCfg = Debug|Any CPU
		{C2E0E0F1-631A-4333-8E9A-7E23664C790A}.Debug|Mixed Platforms.Build.0 = Debug|Any CPU
		{C2E0E0F1-631A-4333-8E9A-7E23664C790A}.Debug|Mixed Platforms.Deploy.0 = Debug|Any CPU
		{C2E0E0F1-631A-4333-8E9A-7E23664C790A}.Release|Any CPU.ActiveCfg = Release|Any CPU
		{C2E0E0F1-631A-4333-8E9A-7E23664C790A}.Release|Any CPU.Build.0 = Release|Any CPU
		{C2E0E0F1-631A-4333-8E9A-7E23664C790A}.Release|Any CPU.Deploy.0 = Release|Any CPU
		{C2E0E0F1-631A-4333-8E9A-7E23664C790A}.Release|iPhone.ActiveCfg = Release|Any CPU
		{C2E0E0F1-631A-4333-8E9A-7E23664C790A}.Release|iPhoneSimulator.ActiveCfg = Release|Any CPU
		{C2E0E0F1-631A-4333-8E9A-7E23664C790A}.Release|Mixed Platforms.ActiveCfg = Release|Any CPU
		{C2E0E0F1-631A-4333-8E9A-7E23664C790A}.Release|Mixed Platforms.Build.0 = Release|Any CPU
		{C2E0E0F1-631A-4333-8E9A-7E23664C790A}.Release|Mixed Platforms.Deploy.0 = Release|Any CPU
		{4EECB000-BDED-4B0C-9233-C109965105BC}.Ad-Hoc|Any CPU.ActiveCfg = Ad-Hoc|iPhone
		{4EECB000-BDED-4B0C-9233-C109965105BC}.Ad-Hoc|iPhone.ActiveCfg = Ad-Hoc|iPhone
		{4EECB000-BDED-4B0C-9233-C109965105BC}.Ad-Hoc|iPhone.Build.0 = Ad-Hoc|iPhone
		{4EECB000-BDED-4B0C-9233-C109965105BC}.Ad-Hoc|iPhoneSimulator.ActiveCfg = Ad-Hoc|iPhoneSimulator
		{4EECB000-BDED-4B0C-9233-C109965105BC}.Ad-Hoc|iPhoneSimulator.Build.0 = Ad-Hoc|iPhoneSimulator
		{4EECB000-BDED-4B0C-9233-C109965105BC}.Ad-Hoc|Mixed Platforms.ActiveCfg = Ad-Hoc|iPhone
		{4EECB000-BDED-4B0C-9233-C109965105BC}.Ad-Hoc|Mixed Platforms.Build.0 = Ad-Hoc|iPhone
		{4EECB000-BDED-4B0C-9233-C109965105BC}.AppStore|Any CPU.ActiveCfg = AppStore|iPhone
		{4EECB000-BDED-4B0C-9233-C109965105BC}.AppStore|iPhone.ActiveCfg = AppStore|iPhone
		{4EECB000-BDED-4B0C-9233-C109965105BC}.AppStore|iPhone.Build.0 = AppStore|iPhone
		{4EECB000-BDED-4B0C-9233-C109965105BC}.AppStore|iPhoneSimulator.ActiveCfg = AppStore|iPhoneSimulator
		{4EECB000-BDED-4B0C-9233-C109965105BC}.AppStore|iPhoneSimulator.Build.0 = AppStore|iPhoneSimulator
		{4EECB000-BDED-4B0C-9233-C109965105BC}.AppStore|Mixed Platforms.ActiveCfg = AppStore|iPhone
		{4EECB000-BDED-4B0C-9233-C109965105BC}.AppStore|Mixed Platforms.Build.0 = AppStore|iPhone
		{4EECB000-BDED-4B0C-9233-C109965105BC}.Debug|Any CPU.ActiveCfg = Debug|iPhone
		{4EECB000-BDED-4B0C-9233-C109965105BC}.Debug|iPhone.ActiveCfg = Debug|iPhone
		{4EECB000-BDED-4B0C-9233-C109965105BC}.Debug|iPhone.Build.0 = Debug|iPhone
		{4EECB000-BDED-4B0C-9233-C109965105BC}.Debug|iPhoneSimulator.ActiveCfg = Debug|iPhoneSimulator
		{4EECB000-BDED-4B0C-9233-C109965105BC}.Debug|iPhoneSimulator.Build.0 = Debug|iPhoneSimulator
		{4EECB000-BDED-4B0C-9233-C109965105BC}.Debug|Mixed Platforms.ActiveCfg = Debug|iPhone
		{4EECB000-BDED-4B0C-9233-C109965105BC}.Debug|Mixed Platforms.Build.0 = Debug|iPhone
		{4EECB000-BDED-4B0C-9233-C109965105BC}.Release|Any CPU.ActiveCfg = Release|iPhone
		{4EECB000-BDED-4B0C-9233-C109965105BC}.Release|iPhone.ActiveCfg = Release|iPhone
		{4EECB000-BDED-4B0C-9233-C109965105BC}.Release|iPhone.Build.0 = Release|iPhone
		{4EECB000-BDED-4B0C-9233-C109965105BC}.Release|iPhoneSimulator.ActiveCfg = Release|iPhoneSimulator
		{4EECB000-BDED-4B0C-9233-C109965105BC}.Release|iPhoneSimulator.Build.0 = Release|iPhoneSimulator
		{4EECB000-BDED-4B0C-9233-C109965105BC}.Release|Mixed Platforms.ActiveCfg = Release|iPhone
		{4EECB000-BDED-4B0C-9233-C109965105BC}.Release|Mixed Platforms.Build.0 = Release|iPhone
		{65F57185-D126-4FE9-9D42-079D4067A7A0}.Ad-Hoc|Any CPU.ActiveCfg = Release|Any CPU
		{65F57185-D126-4FE9-9D42-079D4067A7A0}.Ad-Hoc|Any CPU.Build.0 = Release|Any CPU
		{65F57185-D126-4FE9-9D42-079D4067A7A0}.Ad-Hoc|iPhone.ActiveCfg = Release|Any CPU
		{65F57185-D126-4FE9-9D42-079D4067A7A0}.Ad-Hoc|iPhoneSimulator.ActiveCfg = Release|Any CPU
		{65F57185-D126-4FE9-9D42-079D4067A7A0}.Ad-Hoc|Mixed Platforms.ActiveCfg = Release|Any CPU
		{65F57185-D126-4FE9-9D42-079D4067A7A0}.Ad-Hoc|Mixed Platforms.Build.0 = Release|Any CPU
		{65F57185-D126-4FE9-9D42-079D4067A7A0}.AppStore|Any CPU.ActiveCfg = Release|Any CPU
		{65F57185-D126-4FE9-9D42-079D4067A7A0}.AppStore|Any CPU.Build.0 = Release|Any CPU
		{65F57185-D126-4FE9-9D42-079D4067A7A0}.AppStore|iPhone.ActiveCfg = Release|Any CPU
		{65F57185-D126-4FE9-9D42-079D4067A7A0}.AppStore|iPhoneSimulator.ActiveCfg = Release|Any CPU
		{65F57185-D126-4FE9-9D42-079D4067A7A0}.AppStore|Mixed Platforms.ActiveCfg = Release|Any CPU
		{65F57185-D126-4FE9-9D42-079D4067A7A0}.AppStore|Mixed Platforms.Build.0 = Release|Any CPU
		{65F57185-D126-4FE9-9D42-079D4067A7A0}.Debug|Any CPU.ActiveCfg = Debug|Any CPU
		{65F57185-D126-4FE9-9D42-079D4067A7A0}.Debug|Any CPU.Build.0 = Debug|Any CPU
		{65F57185-D126-4FE9-9D42-079D4067A7A0}.Debug|iPhone.ActiveCfg = Debug|Any CPU
		{65F57185-D126-4FE9-9D42-079D4067A7A0}.Debug|iPhoneSimulator.ActiveCfg = Debug|Any CPU
		{65F57185-D126-4FE9-9D42-079D4067A7A0}.Debug|Mixed Platforms.ActiveCfg = Debug|Any CPU
		{65F57185-D126-4FE9-9D42-079D4067A7A0}.Debug|Mixed Platforms.Build.0 = Debug|Any CPU
		{65F57185-D126-4FE9-9D42-079D4067A7A0}.Release|Any CPU.ActiveCfg = Release|Any CPU
		{65F57185-D126-4FE9-9D42-079D4067A7A0}.Release|Any CPU.Build.0 = Release|Any CPU
		{65F57185-D126-4FE9-9D42-079D4067A7A0}.Release|iPhone.ActiveCfg = Release|Any CPU
		{65F57185-D126-4FE9-9D42-079D4067A7A0}.Release|iPhoneSimulator.ActiveCfg = Release|Any CPU
		{65F57185-D126-4FE9-9D42-079D4067A7A0}.Release|Mixed Platforms.ActiveCfg = Release|Any CPU
		{65F57185-D126-4FE9-9D42-079D4067A7A0}.Release|Mixed Platforms.Build.0 = Release|Any CPU
		{890A9728-B8B5-4111-973E-F8719F52E312}.Ad-Hoc|Any CPU.ActiveCfg = Release|Any CPU
		{890A9728-B8B5-4111-973E-F8719F52E312}.Ad-Hoc|Any CPU.Build.0 = Release|Any CPU
		{890A9728-B8B5-4111-973E-F8719F52E312}.Ad-Hoc|iPhone.ActiveCfg = Release|Any CPU
		{890A9728-B8B5-4111-973E-F8719F52E312}.Ad-Hoc|iPhoneSimulator.ActiveCfg = Release|Any CPU
		{890A9728-B8B5-4111-973E-F8719F52E312}.Ad-Hoc|Mixed Platforms.ActiveCfg = Release|Any CPU
		{890A9728-B8B5-4111-973E-F8719F52E312}.Ad-Hoc|Mixed Platforms.Build.0 = Release|Any CPU
		{890A9728-B8B5-4111-973E-F8719F52E312}.AppStore|Any CPU.ActiveCfg = Release|Any CPU
		{890A9728-B8B5-4111-973E-F8719F52E312}.AppStore|Any CPU.Build.0 = Release|Any CPU
		{890A9728-B8B5-4111-973E-F8719F52E312}.AppStore|iPhone.ActiveCfg = Release|Any CPU
		{890A9728-B8B5-4111-973E-F8719F52E312}.AppStore|iPhoneSimulator.ActiveCfg = Release|Any CPU
		{890A9728-B8B5-4111-973E-F8719F52E312}.AppStore|Mixed Platforms.ActiveCfg = Release|Any CPU
		{890A9728-B8B5-4111-973E-F8719F52E312}.AppStore|Mixed Platforms.Build.0 = Release|Any CPU
		{890A9728-B8B5-4111-973E-F8719F52E312}.Debug|Any CPU.ActiveCfg = Debug|Any CPU
		{890A9728-B8B5-4111-973E-F8719F52E312}.Debug|Any CPU.Build.0 = Debug|Any CPU
		{890A9728-B8B5-4111-973E-F8719F52E312}.Debug|iPhone.ActiveCfg = Debug|Any CPU
		{890A9728-B8B5-4111-973E-F8719F52E312}.Debug|iPhoneSimulator.ActiveCfg = Debug|Any CPU
		{890A9728-B8B5-4111-973E-F8719F52E312}.Debug|Mixed Platforms.ActiveCfg = Debug|Any CPU
		{890A9728-B8B5-4111-973E-F8719F52E312}.Debug|Mixed Platforms.Build.0 = Debug|Any CPU
		{890A9728-B8B5-4111-973E-F8719F52E312}.Release|Any CPU.ActiveCfg = Release|Any CPU
		{890A9728-B8B5-4111-973E-F8719F52E312}.Release|Any CPU.Build.0 = Release|Any CPU
		{890A9728-B8B5-4111-973E-F8719F52E312}.Release|iPhone.ActiveCfg = Release|Any CPU
		{890A9728-B8B5-4111-973E-F8719F52E312}.Release|iPhoneSimulator.ActiveCfg = Release|Any CPU
		{890A9728-B8B5-4111-973E-F8719F52E312}.Release|Mixed Platforms.ActiveCfg = Release|Any CPU
		{890A9728-B8B5-4111-973E-F8719F52E312}.Release|Mixed Platforms.Build.0 = Release|Any CPU
		{7F317DBF-26C7-4D5F-90FE-1A01E1B1C7AF}.Ad-Hoc|Any CPU.ActiveCfg = Release|Any CPU
		{7F317DBF-26C7-4D5F-90FE-1A01E1B1C7AF}.Ad-Hoc|Any CPU.Build.0 = Release|Any CPU
		{7F317DBF-26C7-4D5F-90FE-1A01E1B1C7AF}.Ad-Hoc|iPhone.ActiveCfg = Release|Any CPU
		{7F317DBF-26C7-4D5F-90FE-1A01E1B1C7AF}.Ad-Hoc|iPhoneSimulator.ActiveCfg = Release|Any CPU
		{7F317DBF-26C7-4D5F-90FE-1A01E1B1C7AF}.Ad-Hoc|Mixed Platforms.ActiveCfg = Release|Any CPU
		{7F317DBF-26C7-4D5F-90FE-1A01E1B1C7AF}.Ad-Hoc|Mixed Platforms.Build.0 = Release|Any CPU
		{7F317DBF-26C7-4D5F-90FE-1A01E1B1C7AF}.AppStore|Any CPU.ActiveCfg = Release|Any CPU
		{7F317DBF-26C7-4D5F-90FE-1A01E1B1C7AF}.AppStore|Any CPU.Build.0 = Release|Any CPU
		{7F317DBF-26C7-4D5F-90FE-1A01E1B1C7AF}.AppStore|iPhone.ActiveCfg = Release|Any CPU
		{7F317DBF-26C7-4D5F-90FE-1A01E1B1C7AF}.AppStore|iPhoneSimulator.ActiveCfg = Release|Any CPU
		{7F317DBF-26C7-4D5F-90FE-1A01E1B1C7AF}.AppStore|Mixed Platforms.ActiveCfg = Release|Any CPU
		{7F317DBF-26C7-4D5F-90FE-1A01E1B1C7AF}.AppStore|Mixed Platforms.Build.0 = Release|Any CPU
		{7F317DBF-26C7-4D5F-90FE-1A01E1B1C7AF}.Debug|Any CPU.ActiveCfg = Debug|Any CPU
		{7F317DBF-26C7-4D5F-90FE-1A01E1B1C7AF}.Debug|Any CPU.Build.0 = Debug|Any CPU
		{7F317DBF-26C7-4D5F-90FE-1A01E1B1C7AF}.Debug|iPhone.ActiveCfg = Debug|Any CPU
		{7F317DBF-26C7-4D5F-90FE-1A01E1B1C7AF}.Debug|iPhoneSimulator.ActiveCfg = Debug|Any CPU
		{7F317DBF-26C7-4D5F-90FE-1A01E1B1C7AF}.Debug|Mixed Platforms.ActiveCfg = Debug|Any CPU
		{7F317DBF-26C7-4D5F-90FE-1A01E1B1C7AF}.Debug|Mixed Platforms.Build.0 = Debug|Any CPU
		{7F317DBF-26C7-4D5F-90FE-1A01E1B1C7AF}.Release|Any CPU.ActiveCfg = Release|Any CPU
		{7F317DBF-26C7-4D5F-90FE-1A01E1B1C7AF}.Release|Any CPU.Build.0 = Release|Any CPU
		{7F317DBF-26C7-4D5F-90FE-1A01E1B1C7AF}.Release|iPhone.ActiveCfg = Release|Any CPU
		{7F317DBF-26C7-4D5F-90FE-1A01E1B1C7AF}.Release|iPhoneSimulator.ActiveCfg = Release|Any CPU
		{7F317DBF-26C7-4D5F-90FE-1A01E1B1C7AF}.Release|Mixed Platforms.ActiveCfg = Release|Any CPU
		{7F317DBF-26C7-4D5F-90FE-1A01E1B1C7AF}.Release|Mixed Platforms.Build.0 = Release|Any CPU
	EndGlobalSection
	GlobalSection(SolutionProperties) = preSolution
		HideSolutionNode = FALSE
	EndGlobalSection
EndGlobal
